
Microsoft Visual Studio Solution File, Format Version 12.00
# Visual Studio Version 17
VisualStudioVersion = 17.12.35410.144
MinimumVisualStudioVersion = 10.0.40219.1
Project("{FAE04EC0-301F-11D3-BF4B-00C04F79EFBC}") = "Entry", "Src\Entry\Entry.csproj", "{956C344F-D951-4676-A07E-10A75ACDB433}"
EndProject
Project("{FAE04EC0-301F-11D3-BF4B-00C04F79EFBC}") = "Avalonia.OpenHarmony", "Src\Avalonia.OpenHarmony\Avalonia.OpenHarmony.csproj", "{CC9E4CDF-637E-43FC-999C-5717F97CFE43}"
EndProject
Project("{2150E333-8FDC-42A3-9474-1A3956D46DE8}") = "Example", "Example", "{F1FEDF1B-E967-4070-B986-C11E9D6D6C61}"
EndProject
Project("{FAE04EC0-301F-11D3-BF4B-00C04F79EFBC}") = "AvaloniaApp", "Src\Example\AvaloniaApp\AvaloniaApp.csproj", "{32CF34B5-F75A-4A00-A730-90140C0A792D}"
EndProject
Project("{FAE04EC0-301F-11D3-BF4B-00C04F79EFBC}") = "AvaloniaApp.Desktop", "Src\Example\AvaloniaApp.Desktop\AvaloniaApp.Desktop.csproj", "{D1AC0C3E-A28F-4604-9B04-74101768F712}"
EndProject
Project("{FAE04EC0-301F-11D3-BF4B-00C04F79EFBC}") = "OpenHarmony.NDK.Bindings", "ThirdParty\OpenHarmony.NDK.Bindings\OpenHarmony.NDK.Bindings\OpenHarmony.NDK.Bindings.csproj", "{F8E2F26E-DAE3-4CA7-924E-7F05E655E71D}"
EndProject
Project("{FAE04EC0-301F-11D3-BF4B-00C04F79EFBC}") = "AOOH_Gallery", "Src\Example\AOOH_Gallery\AOOH_Gallery.csproj", "{0DB36DC2-D05D-46F8-9C89-FB15778DA2CA}"
EndProject
Project("{FAE04EC0-301F-11D3-BF4B-00C04F79EFBC}") = "AOOH_Gallery.Desktop", "Src\Example\AOOH_Gallery.Desktop\AOOH_Gallery.Desktop.csproj", "{A43F296F-D6DD-4F64-8F35-2622AF619254}"
EndProject
Project("{2150E333-8FDC-42A3-9474-1A3956D46DE8}") = "AOOH_Gallery", "AOOH_Gallery", "{492440ED-F090-4FFE-918F-20FD73E6DE4C}"
EndProject
Project("{FAE04EC0-301F-11D3-BF4B-00C04F79EFBC}") = "Semi.Avalonia.Demo", "ThirdParty\Semi.Avalonia\demo\Semi.Avalonia.Demo\Semi.Avalonia.Demo.csproj", "{0B866685-11D8-41D3-8BAA-A0D176358AC3}"
EndProject
Project("{FAE04EC0-301F-11D3-BF4B-00C04F79EFBC}") = "Ursa.Demo", "ThirdParty\Ursa.Avalonia\demo\Ursa.Demo\Ursa.Demo.csproj", "{ABD9CA64-B006-47A8-848A-21D43393DE73}"
EndProject
Project("{2150E333-8FDC-42A3-9474-1A3956D46DE8}") = "Irihitech", "Irihitech", "{7812D870-170F-488A-A058-F8C1433C178A}"
EndProject
Project("{FAE04EC0-301F-11D3-BF4B-00C04F79EFBC}") = "Semi.Avalonia", "ThirdParty\Semi.Avalonia\src\Semi.Avalonia\Semi.Avalonia.csproj", "{86579D70-3255-433F-B7C7-9F17EB63A655}"
EndProject
Project("{FAE04EC0-301F-11D3-BF4B-00C04F79EFBC}") = "Semi.Avalonia.ColorPicker", "ThirdParty\Semi.Avalonia\src\Semi.Avalonia.ColorPicker\Semi.Avalonia.ColorPicker.csproj", "{0B4EA84D-3379-4530-86A9-36416CE38583}"
EndProject
Project("{FAE04EC0-301F-11D3-BF4B-00C04F79EFBC}") = "Semi.Avalonia.TreeDataGrid", "ThirdParty\Semi.Avalonia\src\Semi.Avalonia.TreeDataGrid\Semi.Avalonia.TreeDataGrid.csproj", "{D3D1AB90-E346-4B83-8609-5789426E8C52}"
EndProject
Project("{FAE04EC0-301F-11D3-BF4B-00C04F79EFBC}") = "Semi.Avalonia.DataGrid", "ThirdParty\Semi.Avalonia\src\Semi.Avalonia.DataGrid\Semi.Avalonia.DataGrid.csproj", "{39F1FF7A-3EE4-4AB8-A6A2-FA36AB703490}"
EndProject
Project("{FAE04EC0-301F-11D3-BF4B-00C04F79EFBC}") = "Ursa", "ThirdParty\Ursa.Avalonia\src\Ursa\Ursa.csproj", "{E8623BDC-FA99-4D07-8227-0152AC186377}"
EndProject
Project("{FAE04EC0-301F-11D3-BF4B-00C04F79EFBC}") = "Ursa.Themes.Semi", "ThirdParty\Ursa.Avalonia\src\Ursa.Themes.Semi\Ursa.Themes.Semi.csproj", "{51CD02F7-9D11-49C6-A1D0-8AC9BAABF505}"
EndProject
Project("{2150E333-8FDC-42A3-9474-1A3956D46DE8}") = "Solution Items", "Solution Items", "{8EC462FD-D22E-90A8-E5CE-7E832BA40C5D}"
	ProjectSection(SolutionItems) = preProject
		.editorconfig = .editorconfig
		Directory.Build.props = Directory.Build.props
	EndProjectSection
EndProject
Global
	GlobalSection(SolutionConfigurationPlatforms) = preSolution
		Debug|Any CPU = Debug|Any CPU
		Release|Any CPU = Release|Any CPU
	EndGlobalSection
	GlobalSection(ProjectConfigurationPlatforms) = postSolution
		{956C344F-D951-4676-A07E-10A75ACDB433}.Debug|Any CPU.ActiveCfg = Debug|Any CPU
		{956C344F-D951-4676-A07E-10A75ACDB433}.Debug|Any CPU.Build.0 = Debug|Any CPU
		{956C344F-D951-4676-A07E-10A75ACDB433}.Release|Any CPU.ActiveCfg = Release|Any CPU
		{956C344F-D951-4676-A07E-10A75ACDB433}.Release|Any CPU.Build.0 = Release|Any CPU
		{CC9E4CDF-637E-43FC-999C-5717F97CFE43}.Debug|Any CPU.ActiveCfg = Debug|Any CPU
		{CC9E4CDF-637E-43FC-999C-5717F97CFE43}.Debug|Any CPU.Build.0 = Debug|Any CPU
		{CC9E4CDF-637E-43FC-999C-5717F97CFE43}.Release|Any CPU.ActiveCfg = Release|Any CPU
		{CC9E4CDF-637E-43FC-999C-5717F97CFE43}.Release|Any CPU.Build.0 = Release|Any CPU
		{32CF34B5-F75A-4A00-A730-90140C0A792D}.Debug|Any CPU.ActiveCfg = Debug|Any CPU
		{32CF34B5-F75A-4A00-A730-90140C0A792D}.Debug|Any CPU.Build.0 = Debug|Any CPU
		{32CF34B5-F75A-4A00-A730-90140C0A792D}.Release|Any CPU.ActiveCfg = Release|Any CPU
		{32CF34B5-F75A-4A00-A730-90140C0A792D}.Release|Any CPU.Build.0 = Release|Any CPU
		{D1AC0C3E-A28F-4604-9B04-74101768F712}.Debug|Any CPU.ActiveCfg = Debug|Any CPU
		{D1AC0C3E-A28F-4604-9B04-74101768F712}.Debug|Any CPU.Build.0 = Debug|Any CPU
		{D1AC0C3E-A28F-4604-9B04-74101768F712}.Release|Any CPU.ActiveCfg = Release|Any CPU
		{D1AC0C3E-A28F-4604-9B04-74101768F712}.Release|Any CPU.Build.0 = Release|Any CPU
		{F8E2F26E-DAE3-4CA7-924E-7F05E655E71D}.Debug|Any CPU.ActiveCfg = Debug|Any CPU
		{F8E2F26E-DAE3-4CA7-924E-7F05E655E71D}.Debug|Any CPU.Build.0 = Debug|Any CPU
		{F8E2F26E-DAE3-4CA7-924E-7F05E655E71D}.Release|Any CPU.ActiveCfg = Release|Any CPU
		{F8E2F26E-DAE3-4CA7-924E-7F05E655E71D}.Release|Any CPU.Build.0 = Release|Any CPU
		{0DB36DC2-D05D-46F8-9C89-FB15778DA2CA}.Debug|Any CPU.ActiveCfg = Debug|Any CPU
		{0DB36DC2-D05D-46F8-9C89-FB15778DA2CA}.Debug|Any CPU.Build.0 = Debug|Any CPU
		{0DB36DC2-D05D-46F8-9C89-FB15778DA2CA}.Release|Any CPU.ActiveCfg = Release|Any CPU
		{0DB36DC2-D05D-46F8-9C89-FB15778DA2CA}.Release|Any CPU.Build.0 = Release|Any CPU
		{A43F296F-D6DD-4F64-8F35-2622AF619254}.Debug|Any CPU.ActiveCfg = Debug|Any CPU
		{A43F296F-D6DD-4F64-8F35-2622AF619254}.Debug|Any CPU.Build.0 = Debug|Any CPU
		{A43F296F-D6DD-4F64-8F35-2622AF619254}.Release|Any CPU.ActiveCfg = Release|Any CPU
		{A43F296F-D6DD-4F64-8F35-2622AF619254}.Release|Any CPU.Build.0 = Release|Any CPU
		{0B866685-11D8-41D3-8BAA-A0D176358AC3}.Debug|Any CPU.ActiveCfg = Debug|Any CPU
		{0B866685-11D8-41D3-8BAA-A0D176358AC3}.Debug|Any CPU.Build.0 = Debug|Any CPU
		{0B866685-11D8-41D3-8BAA-A0D176358AC3}.Release|Any CPU.ActiveCfg = Release|Any CPU
		{0B866685-11D8-41D3-8BAA-A0D176358AC3}.Release|Any CPU.Build.0 = Release|Any CPU
		{ABD9CA64-B006-47A8-848A-21D43393DE73}.Debug|Any CPU.ActiveCfg = Debug|Any CPU
		{ABD9CA64-B006-47A8-848A-21D43393DE73}.Debug|Any CPU.Build.0 = Debug|Any CPU
		{ABD9CA64-B006-47A8-848A-21D43393DE73}.Release|Any CPU.ActiveCfg = Release|Any CPU
		{ABD9CA64-B006-47A8-848A-21D43393DE73}.Release|Any CPU.Build.0 = Release|Any CPU
		{86579D70-3255-433F-B7C7-9F17EB63A655}.Debug|Any CPU.ActiveCfg = Debug|Any CPU
		{86579D70-3255-433F-B7C7-9F17EB63A655}.Debug|Any CPU.Build.0 = Debug|Any CPU
		{86579D70-3255-433F-B7C7-9F17EB63A655}.Release|Any CPU.ActiveCfg = Release|Any CPU
		{86579D70-3255-433F-B7C7-9F17EB63A655}.Release|Any CPU.Build.0 = Release|Any CPU
		{0B4EA84D-3379-4530-86A9-36416CE38583}.Debug|Any CPU.ActiveCfg = Debug|Any CPU
		{0B4EA84D-3379-4530-86A9-36416CE38583}.Debug|Any CPU.Build.0 = Debug|Any CPU
		{0B4EA84D-3379-4530-86A9-36416CE38583}.Release|Any CPU.ActiveCfg = Release|Any CPU
		{0B4EA84D-3379-4530-86A9-36416CE38583}.Release|Any CPU.Build.0 = Release|Any CPU
		{D3D1AB90-E346-4B83-8609-5789426E8C52}.Debug|Any CPU.ActiveCfg = Debug|Any CPU
		{D3D1AB90-E346-4B83-8609-5789426E8C52}.Debug|Any CPU.Build.0 = Debug|Any CPU
		{D3D1AB90-E346-4B83-8609-5789426E8C52}.Release|Any CPU.ActiveCfg = Release|Any CPU
		{D3D1AB90-E346-4B83-8609-5789426E8C52}.Release|Any CPU.Build.0 = Release|Any CPU
		{39F1FF7A-3EE4-4AB8-A6A2-FA36AB703490}.Debug|Any CPU.ActiveCfg = Debug|Any CPU
		{39F1FF7A-3EE4-4AB8-A6A2-FA36AB703490}.Debug|Any CPU.Build.0 = Debug|Any CPU
		{39F1FF7A-3EE4-4AB8-A6A2-FA36AB703490}.Release|Any CPU.ActiveCfg = Release|Any CPU
		{39F1FF7A-3EE4-4AB8-A6A2-FA36AB703490}.Release|Any CPU.Build.0 = Release|Any CPU
		{E8623BDC-FA99-4D07-8227-0152AC186377}.Debug|Any CPU.ActiveCfg = Debug|Any CPU
		{E8623BDC-FA99-4D07-8227-0152AC186377}.Debug|Any CPU.Build.0 = Debug|Any CPU
		{E8623BDC-FA99-4D07-8227-0152AC186377}.Release|Any CPU.ActiveCfg = Release|Any CPU
		{E8623BDC-FA99-4D07-8227-0152AC186377}.Release|Any CPU.Build.0 = Release|Any CPU
		{51CD02F7-9D11-49C6-A1D0-8AC9BAABF505}.Debug|Any CPU.ActiveCfg = Debug|Any CPU
		{51CD02F7-9D11-49C6-A1D0-8AC9BAABF505}.Debug|Any CPU.Build.0 = Debug|Any CPU
		{51CD02F7-9D11-49C6-A1D0-8AC9BAABF505}.Release|Any CPU.ActiveCfg = Release|Any CPU
		{51CD02F7-9D11-49C6-A1D0-8AC9BAABF505}.Release|Any CPU.Build.0 = Release|Any CPU
		{2B7FE5C9-06D5-4061-A9B4-411B007AAC00}.Debug|Any CPU.ActiveCfg = Debug|Any CPU
		{2B7FE5C9-06D5-4061-A9B4-411B007AAC00}.Debug|Any CPU.Build.0 = Debug|Any CPU
		{2B7FE5C9-06D5-4061-A9B4-411B007AAC00}.Release|Any CPU.ActiveCfg = Release|Any CPU
		{2B7FE5C9-06D5-4061-A9B4-411B007AAC00}.Release|Any CPU.Build.0 = Release|Any CPU
		{109103D6-D483-4616-879E-27CE4468DCB1}.Debug|Any CPU.ActiveCfg = Debug|Any CPU
		{109103D6-D483-4616-879E-27CE4468DCB1}.Debug|Any CPU.Build.0 = Debug|Any CPU
		{109103D6-D483-4616-879E-27CE4468DCB1}.Release|Any CPU.ActiveCfg = Release|Any CPU
		{109103D6-D483-4616-879E-27CE4468DCB1}.Release|Any CPU.Build.0 = Release|Any CPU
	EndGlobalSection
	GlobalSection(SolutionProperties) = preSolution
		HideSolutionNode = FALSE
	EndGlobalSection
	GlobalSection(NestedProjects) = preSolution
		{32CF34B5-F75A-4A00-A730-90140C0A792D} = {F1FEDF1B-E967-4070-B986-C11E9D6D6C61}
		{D1AC0C3E-A28F-4604-9B04-74101768F712} = {F1FEDF1B-E967-4070-B986-C11E9D6D6C61}
		{0DB36DC2-D05D-46F8-9C89-FB15778DA2CA} = {492440ED-F090-4FFE-918F-20FD73E6DE4C}
		{A43F296F-D6DD-4F64-8F35-2622AF619254} = {492440ED-F090-4FFE-918F-20FD73E6DE4C}
		{492440ED-F090-4FFE-918F-20FD73E6DE4C} = {F1FEDF1B-E967-4070-B986-C11E9D6D6C61}
		{0B866685-11D8-41D3-8BAA-A0D176358AC3} = {7812D870-170F-488A-A058-F8C1433C178A}
		{ABD9CA64-B006-47A8-848A-21D43393DE73} = {7812D870-170F-488A-A058-F8C1433C178A}
		{7812D870-170F-488A-A058-F8C1433C178A} = {F1FEDF1B-E967-4070-B986-C11E9D6D6C61}
		{86579D70-3255-433F-B7C7-9F17EB63A655} = {7812D870-170F-488A-A058-F8C1433C178A}
		{0B4EA84D-3379-4530-86A9-36416CE38583} = {7812D870-170F-488A-A058-F8C1433C178A}
		{D3D1AB90-E346-4B83-8609-5789426E8C52} = {7812D870-170F-488A-A058-F8C1433C178A}
		{39F1FF7A-3EE4-4AB8-A6A2-FA36AB703490} = {7812D870-170F-488A-A058-F8C1433C178A}
		{E8623BDC-FA99-4D07-8227-0152AC186377} = {7812D870-170F-488A-A058-F8C1433C178A}
		{51CD02F7-9D11-49C6-A1D0-8AC9BAABF505} = {7812D870-170F-488A-A058-F8C1433C178A}
	EndGlobalSection
	GlobalSection(ExtensibilityGlobals) = postSolution
		SolutionGuid = {CCB04250-A59B-47A9-8DBC-F6EBEB6428CD}
	EndGlobalSection
EndGlobal
